// !$*UTF8*$!
{
	archiveVersion = 1;
	classes = {
	};
	objectVersion = 46;
	objects = {

/* Begin PBXBuildFile section */
		D28E87A61E495B7E00EE86E6 /* AppDelegate.swift in Sources */ = {isa = PBXBuildFile; fileRef = D28E87A51E495B7E00EE86E6 /* AppDelegate.swift */; };
		D28E87A81E495B7E00EE86E6 /* ViewController.swift in Sources */ = {isa = PBXBuildFile; fileRef = D28E87A71E495B7E00EE86E6 /* ViewController.swift */; };
		D28E87AB1E495B7E00EE86E6 /* Main.storyboard in Resources */ = {isa = PBXBuildFile; fileRef = D28E87A91E495B7E00EE86E6 /* Main.storyboard */; };
		D28E87B01E495B7E00EE86E6 /* LaunchScreen.storyboard in Resources */ = {isa = PBXBuildFile; fileRef = D28E87AE1E495B7E00EE86E6 /* LaunchScreen.storyboard */; };
		D28E87C61E495B7E00EE86E6 /* AD_DemoUITests.swift in Sources */ = {isa = PBXBuildFile; fileRef = D28E87C51E495B7E00EE86E6 /* AD_DemoUITests.swift */; };
		D28E87DD1E4971D200EE86E6 /* SnapshotHelper.swift in Sources */ = {isa = PBXBuildFile; fileRef = D28E87DB1E4971D200EE86E6 /* SnapshotHelper.swift */; };
		D28E87E01E49763D00EE86E6 /* ViewControllerSecond.swift in Sources */ = {isa = PBXBuildFile; fileRef = D28E87DF1E49763D00EE86E6 /* ViewControllerSecond.swift */; };
		D28E87E21E49957100EE86E6 /* Assets.xcassets in Resources */ = {isa = PBXBuildFile; fileRef = D28E87E11E49957100EE86E6 /* Assets.xcassets */; };
/* End PBXBuildFile section */

/* Begin PBXContainerItemProxy section */
		D28E87C21E495B7E00EE86E6 /* PBXContainerItemProxy */ = {
			isa = PBXContainerItemProxy;
			containerPortal = D28E879A1E495B7E00EE86E6 /* Project object */;
			proxyType = 1;
			remoteGlobalIDString = D28E87A11E495B7E00EE86E6;
			remoteInfo = AD_Demo;
		};
/* End PBXContainerItemProxy section */

/* Begin PBXFileReference section */
		D28E87A21E495B7E00EE86E6 /* AD_Demo.app */ = {isa = PBXFileReference; explicitFileType = wrapper.application; includeInIndex = 0; path = AD_Demo.app; sourceTree = BUILT_PRODUCTS_DIR; };
		D28E87A51E495B7E00EE86E6 /* AppDelegate.swift */ = {isa = PBXFileReference; lastKnownFileType = sourcecode.swift; path = AppDelegate.swift; sourceTree = "<group>"; };
		D28E87A71E495B7E00EE86E6 /* ViewController.swift */ = {isa = PBXFileReference; lastKnownFileType = sourcecode.swift; path = ViewController.swift; sourceTree = "<group>"; };
		D28E87AA1E495B7E00EE86E6 /* Base */ = {isa = PBXFileReference; lastKnownFileType = file.storyboard; name = Base; path = Base.lproj/Main.storyboard; sourceTree = "<group>"; };
		D28E87AF1E495B7E00EE86E6 /* Base */ = {isa = PBXFileReference; lastKnownFileType = file.storyboard; name = Base; path = Base.lproj/LaunchScreen.storyboard; sourceTree = "<group>"; };
		D28E87B11E495B7E00EE86E6 /* Info.plist */ = {isa = PBXFileReference; lastKnownFileType = text.plist.xml; path = Info.plist; sourceTree = "<group>"; };
		D28E87C11E495B7E00EE86E6 /* AD_DemoUITests.xctest */ = {isa = PBXFileReference; explicitFileType = wrapper.cfbundle; includeInIndex = 0; path = AD_DemoUITests.xctest; sourceTree = BUILT_PRODUCTS_DIR; };
		D28E87C51E495B7E00EE86E6 /* AD_DemoUITests.swift */ = {isa = PBXFileReference; lastKnownFileType = sourcecode.swift; path = AD_DemoUITests.swift; sourceTree = "<group>"; };
		D28E87C71E495B7E00EE86E6 /* Info.plist */ = {isa = PBXFileReference; lastKnownFileType = text.plist.xml; path = Info.plist; sourceTree = "<group>"; };
		D28E87DB1E4971D200EE86E6 /* SnapshotHelper.swift */ = {isa = PBXFileReference; fileEncoding = 4; lastKnownFileType = sourcecode.swift; path = SnapshotHelper.swift; sourceTree = "<group>"; };
		D28E87DF1E49763D00EE86E6 /* ViewControllerSecond.swift */ = {isa = PBXFileReference; fileEncoding = 4; lastKnownFileType = sourcecode.swift; path = ViewControllerSecond.swift; sourceTree = "<group>"; };
		D28E87E11E49957100EE86E6 /* Assets.xcassets */ = {isa = PBXFileReference; lastKnownFileType = folder.assetcatalog; path = Assets.xcassets; sourceTree = "<group>"; };
/* End PBXFileReference section */

/* Begin PBXFrameworksBuildPhase section */
		D28E879F1E495B7E00EE86E6 /* Frameworks */ = {
			isa = PBXFrameworksBuildPhase;
			buildActionMask = 2147483647;
			files = (
			);
			runOnlyForDeploymentPostprocessing = 0;
		};
		D28E87BE1E495B7E00EE86E6 /* Frameworks */ = {
			isa = PBXFrameworksBuildPhase;
			buildActionMask = 2147483647;
			files = (
			);
			runOnlyForDeploymentPostprocessing = 0;
		};
/* End PBXFrameworksBuildPhase section */

/* Begin PBXGroup section */
		D28E87991E495B7E00EE86E6 = {
			isa = PBXGroup;
			children = (
				D28E87A41E495B7E00EE86E6 /* AD_Demo */,
				D28E87C41E495B7E00EE86E6 /* AD_DemoUITests */,
				D28E87A31E495B7E00EE86E6 /* Products */,
			);
			sourceTree = "<group>";
		};
		D28E87A31E495B7E00EE86E6 /* Products */ = {
			isa = PBXGroup;
			children = (
				D28E87A21E495B7E00EE86E6 /* AD_Demo.app */,
				D28E87C11E495B7E00EE86E6 /* AD_DemoUITests.xctest */,
			);
			name = Products;
			sourceTree = "<group>";
		};
		D28E87A41E495B7E00EE86E6 /* AD_Demo */ = {
			isa = PBXGroup;
			children = (
				D28E87A51E495B7E00EE86E6 /* AppDelegate.swift */,
				D28E87A71E495B7E00EE86E6 /* ViewController.swift */,
				D28E87DF1E49763D00EE86E6 /* ViewControllerSecond.swift */,
				D28E87E11E49957100EE86E6 /* Assets.xcassets */,
				D28E87A91E495B7E00EE86E6 /* Main.storyboard */,
				D28E87AE1E495B7E00EE86E6 /* LaunchScreen.storyboard */,
				D28E87B11E495B7E00EE86E6 /* Info.plist */,
			);
			path = AD_Demo;
			sourceTree = "<group>";
		};
		D28E87C41E495B7E00EE86E6 /* AD_DemoUITests */ = {
			isa = PBXGroup;
			children = (
				D28E87DB1E4971D200EE86E6 /* SnapshotHelper.swift */,
				D28E87C51E495B7E00EE86E6 /* AD_DemoUITests.swift */,
				D28E87C71E495B7E00EE86E6 /* Info.plist */,
			);
			path = AD_DemoUITests;
			sourceTree = "<group>";
		};
/* End PBXGroup section */

/* Begin PBXNativeTarget section */
		D28E87A11E495B7E00EE86E6 /* AD_Demo */ = {
			isa = PBXNativeTarget;
			buildConfigurationList = D28E87CA1E495B7E00EE86E6 /* Build configuration list for PBXNativeTarget "AD_Demo" */;
			buildPhases = (
				D28E879E1E495B7E00EE86E6 /* Sources */,
				D28E879F1E495B7E00EE86E6 /* Frameworks */,
				D28E87A01E495B7E00EE86E6 /* Resources */,
			);
			buildRules = (
			);
			dependencies = (
			);
			name = AD_Demo;
			productName = AD_Demo;
			productReference = D28E87A21E495B7E00EE86E6 /* AD_Demo.app */;
			productType = "com.apple.product-type.application";
		};
		D28E87C01E495B7E00EE86E6 /* AD_DemoUITests */ = {
			isa = PBXNativeTarget;
			buildConfigurationList = D28E87D01E495B7E00EE86E6 /* Build configuration list for PBXNativeTarget "AD_DemoUITests" */;
			buildPhases = (
				D28E87BD1E495B7E00EE86E6 /* Sources */,
				D28E87BE1E495B7E00EE86E6 /* Frameworks */,
				D28E87BF1E495B7E00EE86E6 /* Resources */,
			);
			buildRules = (
			);
			dependencies = (
				D28E87C31E495B7E00EE86E6 /* PBXTargetDependency */,
			);
			name = AD_DemoUITests;
			productName = AD_DemoUITests;
			productReference = D28E87C11E495B7E00EE86E6 /* AD_DemoUITests.xctest */;
			productType = "com.apple.product-type.bundle.ui-testing";
		};
/* End PBXNativeTarget section */

/* Begin PBXProject section */
		D28E879A1E495B7E00EE86E6 /* Project object */ = {
			isa = PBXProject;
			attributes = {
				LastSwiftUpdateCheck = 0820;
				LastUpgradeCheck = 0820;
				ORGANIZATIONNAME = mythkiven;
				TargetAttributes = {
					D28E87A11E495B7E00EE86E6 = {
						CreatedOnToolsVersion = 8.2.1;
						DevelopmentTeam = 28W82NWSCE;
						ProvisioningStyle = Manual;
					};
					D28E87C01E495B7E00EE86E6 = {
						CreatedOnToolsVersion = 8.2.1;
						DevelopmentTeam = 28W82NWSCE;
						ProvisioningStyle = Automatic;
						TestTargetID = D28E87A11E495B7E00EE86E6;
					};
				};
			};
			buildConfigurationList = D28E879D1E495B7E00EE86E6 /* Build configuration list for PBXProject "AD_Demo" */;
			compatibilityVersion = "Xcode 3.2";
			developmentRegion = English;
			hasScannedForEncodings = 0;
			knownRegions = (
				en,
				Base,
			);
			mainGroup = D28E87991E495B7E00EE86E6;
			productRefGroup = D28E87A31E495B7E00EE86E6 /* Products */;
			projectDirPath = "";
			projectRoot = "";
			targets = (
				D28E87A11E495B7E00EE86E6 /* AD_Demo */,
				D28E87C01E495B7E00EE86E6 /* AD_DemoUITests */,
			);
		};
/* End PBXProject section */

/* Begin PBXResourcesBuildPhase section */
		D28E87A01E495B7E00EE86E6 /* Resources */ = {
			isa = PBXResourcesBuildPhase;
			buildActionMask = 2147483647;
			files = (
				D28E87B01E495B7E00EE86E6 /* LaunchScreen.storyboard in Resources */,
				D28E87E21E49957100EE86E6 /* Assets.xcassets in Resources */,
				D28E87AB1E495B7E00EE86E6 /* Main.storyboard in Resources */,
			);
			runOnlyForDeploymentPostprocessing = 0;
		};
		D28E87BF1E495B7E00EE86E6 /* Resources */ = {
			isa = PBXResourcesBuildPhase;
			buildActionMask = 2147483647;
			files = (
			);
			runOnlyForDeploymentPostprocessing = 0;
		};
/* End PBXResourcesBuildPhase section */

/* Begin PBXSourcesBuildPhase section */
		D28E879E1E495B7E00EE86E6 /* Sources */ = {
			isa = PBXSourcesBuildPhase;
			buildActionMask = 2147483647;
			files = (
				D28E87A81E495B7E00EE86E6 /* ViewController.swift in Sources */,
				D28E87E01E49763D00EE86E6 /* ViewControllerSecond.swift in Sources */,
				D28E87A61E495B7E00EE86E6 /* AppDelegate.swift in Sources */,
			);
			runOnlyForDeploymentPostprocessing = 0;
		};
		D28E87BD1E495B7E00EE86E6 /* Sources */ = {
			isa = PBXSourcesBuildPhase;
			buildActionMask = 2147483647;
			files = (
				D28E87C61E495B7E00EE86E6 /* AD_DemoUITests.swift in Sources */,
				D28E87DD1E4971D200EE86E6 /* SnapshotHelper.swift in Sources */,
			);
			runOnlyForDeploymentPostprocessing = 0;
		};
/* End PBXSourcesBuildPhase section */

/* Begin PBXTargetDependency section */
		D28E87C31E495B7E00EE86E6 /* PBXTargetDependency */ = {
			isa = PBXTargetDependency;
			target = D28E87A11E495B7E00EE86E6 /* AD_Demo */;
			targetProxy = D28E87C21E495B7E00EE86E6 /* PBXContainerItemProxy */;
		};
/* End PBXTargetDependency section */

/* Begin PBXVariantGroup section */
		D28E87A91E495B7E00EE86E6 /* Main.storyboard */ = {
			isa = PBXVariantGroup;
			children = (
				D28E87AA1E495B7E00EE86E6 /* Base */,
			);
			name = Main.storyboard;
			sourceTree = "<group>";
		};
		D28E87AE1E495B7E00EE86E6 /* LaunchScreen.storyboard */ = {
			isa = PBXVariantGroup;
			children = (
				D28E87AF1E495B7E00EE86E6 /* Base */,
			);
			name = LaunchScreen.storyboard;
			sourceTree = "<group>";
		};
/* End PBXVariantGroup section */

/* Begin XCBuildConfiguration section */
		D28E87C81E495B7E00EE86E6 /* Debug */ = {
			isa = XCBuildConfiguration;
			buildSettings = {
				ALWAYS_SEARCH_USER_PATHS = NO;
				CLANG_ANALYZER_NONNULL = YES;
				CLANG_CXX_LANGUAGE_STANDARD = "gnu++0x";
				CLANG_CXX_LIBRARY = "libc++";
				CLANG_ENABLE_MODULES = YES;
				CLANG_ENABLE_OBJC_ARC = YES;
				CLANG_WARN_BOOL_CONVERSION = YES;
				CLANG_WARN_CONSTANT_CONVERSION = YES;
				CLANG_WARN_DIRECT_OBJC_ISA_USAGE = YES_ERROR;
				CLANG_WARN_DOCUMENTATION_COMMENTS = YES;
				CLANG_WARN_EMPTY_BODY = YES;
				CLANG_WARN_ENUM_CONVERSION = YES;
				CLANG_WARN_INFINITE_RECURSION = YES;
				CLANG_WARN_INT_CONVERSION = YES;
				CLANG_WARN_OBJC_ROOT_CLASS = YES_ERROR;
				CLANG_WARN_SUSPICIOUS_MOVE = YES;
				CLANG_WARN_UNREACHABLE_CODE = YES;
				CLANG_WARN__DUPLICATE_METHOD_MATCH = YES;
				"CODE_SIGN_IDENTITY[sdk=iphoneos*]" = "iPhone Developer";
				COPY_PHASE_STRIP = NO;
				DEBUG_INFORMATION_FORMAT = dwarf;
				ENABLE_STRICT_OBJC_MSGSEND = YES;
				ENABLE_TESTABILITY = YES;
				GCC_C_LANGUAGE_STANDARD = gnu99;
				GCC_DYNAMIC_NO_PIC = NO;
				GCC_NO_COMMON_BLOCKS = YES;
				GCC_OPTIMIZATION_LEVEL = 0;
				GCC_PREPROCESSOR_DEFINITIONS = (
					"DEBUG=1",
					"$(inherited)",
				);
				GCC_WARN_64_TO_32_BIT_CONVERSION = YES;
				GCC_WARN_ABOUT_RETURN_TYPE = YES_ERROR;
				GCC_WARN_UNDECLARED_SELECTOR = YES;
				GCC_WARN_UNINITIALIZED_AUTOS = YES_AGGRESSIVE;
				GCC_WARN_UNUSED_FUNCTION = YES;
				GCC_WARN_UNUSED_VARIABLE = YES;
				IPHONEOS_DEPLOYMENT_TARGET = 10.2;
				MTL_ENABLE_DEBUG_INFO = YES;
				ONLY_ACTIVE_ARCH = YES;
				SDKROOT = iphoneos;
				SWIFT_ACTIVE_COMPILATION_CONDITIONS = DEBUG;
				SWIFT_OPTIMIZATION_LEVEL = "-Onone";
				TARGETED_DEVICE_FAMILY = "1,2";
			};
			name = Debug;
		};
		D28E87C91E495B7E00EE86E6 /* Release */ = {
			isa = XCBuildConfiguration;
			buildSettings = {
				ALWAYS_SEARCH_USER_PATHS = NO;
				CLANG_ANALYZER_NONNULL = YES;
				CLANG_CXX_LANGUAGE_STANDARD = "gnu++0x";
				CLANG_CXX_LIBRARY = "libc++";
				CLANG_ENABLE_MODULES = YES;
				CLANG_ENABLE_OBJC_ARC = YES;
				CLANG_WARN_BOOL_CONVERSION = YES;
				CLANG_WARN_CONSTANT_CONVERSION = YES;
				CLANG_WARN_DIRECT_OBJC_ISA_USAGE = YES_ERROR;
				CLANG_WARN_DOCUMENTATION_COMMENTS = YES;
				CLANG_WARN_EMPTY_BODY = YES;
				CLANG_WARN_ENUM_CONVERSION = YES;
				CLANG_WARN_INFINITE_RECURSION = YES;
				CLANG_WARN_INT_CONVERSION = YES;
				CLANG_WARN_OBJC_ROOT_CLASS = YES_ERROR;
				CLANG_WARN_SUSPICIOUS_MOVE = YES;
				CLANG_WARN_UNREACHABLE_CODE = YES;
				CLANG_WARN__DUPLICATE_METHOD_MATCH = YES;
				"CODE_SIGN_IDENTITY[sdk=iphoneos*]" = "iPhone Developer";
				COPY_PHASE_STRIP = NO;
				DEBUG_INFORMATION_FORMAT = "dwarf-with-dsym";
				ENABLE_NS_ASSERTIONS = NO;
				ENABLE_STRICT_OBJC_MSGSEND = YES;
				GCC_C_LANGUAGE_STANDARD = gnu99;
				GCC_NO_COMMON_BLOCKS = YES;
				GCC_WARN_64_TO_32_BIT_CONVERSION = YES;
				GCC_WARN_ABOUT_RETURN_TYPE = YES_ERROR;
				GCC_WARN_UNDECLARED_SELECTOR = YES;
				GCC_WARN_UNINITIALIZED_AUTOS = YES_AGGRESSIVE;
				GCC_WARN_UNUSED_FUNCTION = YES;
				GCC_WARN_UNUSED_VARIABLE = YES;
				IPHONEOS_DEPLOYMENT_TARGET = 10.2;
				MTL_ENABLE_DEBUG_INFO = NO;
				SDKROOT = iphoneos;
				SWIFT_OPTIMIZATION_LEVEL = "-Owholemodule";
				TARGETED_DEVICE_FAMILY = "1,2";
				VALIDATE_PRODUCT = YES;
			};
			name = Release;
		};
		D28E87CB1E495B7E00EE86E6 /* Debug */ = {
			isa = XCBuildConfiguration;
			buildSettings = {
				ASSETCATALOG_COMPILER_APPICON_NAME = AppIcon;
				CODE_SIGN_IDENTITY = "iPhone Distribution: Shanghai TanNuo Information Technology Co., Ltd. (28W82NWSCE)";
				"CODE_SIGN_IDENTITY[sdk=iphoneos*]" = "iPhone Distribution: Shanghai TanNuo Information Technology Co., Ltd. (28W82NWSCE)";
				CURRENT_PROJECT_VERSION = 11;
				DEVELOPMENT_TEAM = 28W82NWSCE;
				INFOPLIST_FILE = AD_Demo/Info.plist;
				IPHONEOS_DEPLOYMENT_TARGET = 8.0;
				LD_RUNPATH_SEARCH_PATHS = "$(inherited) @executable_path/Frameworks";
				PRODUCT_BUNDLE_IDENTIFIER = com.3code.ADDemo;
				PRODUCT_NAME = "$(TARGET_NAME)";
				PROVISIONING_PROFILE = "f0e98cae-f4d5-4b47-8dee-84c52f1f9d1f";
				PROVISIONING_PROFILE_SPECIFIER = "com.3code.ADDemo AppStore";
				SWIFT_VERSION = 3.0;
				TARGETED_DEVICE_FAMILY = 1;
				VERSIONING_SYSTEM = "apple-generic";
			};
			name = Debug;
		};
		D28E87CC1E495B7E00EE86E6 /* Release */ = {
			isa = XCBuildConfiguration;
			buildSettings = {
				ASSETCATALOG_COMPILER_APPICON_NAME = AppIcon;
				CODE_SIGN_IDENTITY = "iPhone Distribution: Shanghai TanNuo Information Technology Co., Ltd. (28W82NWSCE)";
				"CODE_SIGN_IDENTITY[sdk=iphoneos*]" = "iPhone Distribution: Shanghai TanNuo Information Technology Co., Ltd. (28W82NWSCE)";
				CURRENT_PROJECT_VERSION = 11;
				DEVELOPMENT_TEAM = 28W82NWSCE;
				INFOPLIST_FILE = AD_Demo/Info.plist;
				IPHONEOS_DEPLOYMENT_TARGET = 8.0;
				LD_RUNPATH_SEARCH_PATHS = "$(inherited) @executable_path/Frameworks";
				PRODUCT_BUNDLE_IDENTIFIER = com.3code.ADDemo;
				PRODUCT_NAME = "$(TARGET_NAME)";
				PROVISIONING_PROFILE = "f0e98cae-f4d5-4b47-8dee-84c52f1f9d1f";
				PROVISIONING_PROFILE_SPECIFIER = "com.3code.ADDemo AppStore";
				SWIFT_VERSION = 3.0;
				TARGETED_DEVICE_FAMILY = 1;
				VERSIONING_SYSTEM = "apple-generic";
			};
			name = Release;
		};
		D28E87D11E495B7E00EE86E6 /* Debug */ = {
			isa = XCBuildConfiguration;
			buildSettings = {
				ALWAYS_EMBED_SWIFT_STANDARD_LIBRARIES = YES;
				DEVELOPMENT_TEAM = 28W82NWSCE;
				INFOPLIST_FILE = AD_DemoUITests/Info.plist;
				LD_RUNPATH_SEARCH_PATHS = "$(inherited) @executable_path/Frameworks @loader_path/Frameworks";
				PRODUCT_BUNDLE_IDENTIFIER = "com.github.mythkiven.AD-DemoUITests";
				PRODUCT_NAME = "$(TARGET_NAME)";
				SWIFT_VERSION = 3.0;
				TEST_TARGET_NAME = AD_Demo;
			};
			name = Debug;
		};
		D28E87D21E495B7E00EE86E6 /* Release */ = {
			isa = XCBuildConfiguration;
			buildSettings = {
				ALWAYS_EMBED_SWIFT_STANDARD_LIBRARIES = YES;
				DEVELOPMENT_TEAM = 28W82NWSCE;
				INFOPLIST_FILE = AD_DemoUITests/Info.plist;
				LD_RUNPATH_SEARCH_PATHS = "$(inherited) @executable_path/Frameworks @loader_path/Frameworks";
				PRODUCT_BUNDLE_IDENTIFIER = "com.github.mythkiven.AD-DemoUITests";
				PRODUCT_NAME = "$(TARGET_NAME)";
				SWIFT_VERSION = 3.0;
				TEST_TARGET_NAME = AD_Demo;
			};
			name = Release;
		};
/* End XCBuildConfiguration section */

/* Begin XCConfigurationList section */
		D28E879D1E495B7E00EE86E6 /* Build configuration list for PBXProject "AD_Demo" */ = {
			isa = XCConfigurationList;
			buildConfigurations = (
				D28E87C81E495B7E00EE86E6 /* Debug */,
				D28E87C91E495B7E00EE86E6 /* Release */,
			);
			defaultConfigurationIsVisible = 0;
			defaultConfigurationName = Release;
		};
		D28E87CA1E495B7E00EE86E6 /* Build configuration list for PBXNativeTarget "AD_Demo" */ = {
			isa = XCConfigurationList;
			buildConfigurations = (
				D28E87CB1E495B7E00EE86E6 /* Debug */,
				D28E87CC1E495B7E00EE86E6 /* Release */,
			);
			defaultConfigurationIsVisible = 0;
			defaultConfigurationName = Release;
		};
		D28E87D01E495B7E00EE86E6 /* Build configuration list for PBXNativeTarget "AD_DemoUITests" */ = {
			isa = XCConfigurationList;
			buildConfigurations = (
				D28E87D11E495B7E00EE86E6 /* Debug */,
				D28E87D21E495B7E00EE86E6 /* Release */,
			);
			defaultConfigurationIsVisible = 0;
			defaultConfigurationName = Release;
		};
/* End XCConfigurationList section */
	};
	rootObject = D28E879A1E495B7E00EE86E6 /* Project object */;
}
